// !$*UTF8*$!
{
	archiveVersion = 1;
	classes = {
	};
	objectVersion = 55;
	objects = {

/* Begin PBXBuildFile section */
		16B104339D5FD4A15E46BCC9 /* Pods_instagram_clone.framework in Frameworks */ = {isa = PBXBuildFile; fileRef = CDA574A495F38D293E4F61AD /* Pods_instagram_clone.framework */; };
		F52F9FF228BCEEBE00F05F20 /* GoogleService-Info.plist in Resources */ = {isa = PBXBuildFile; fileRef = F52F9FF128BCEEBE00F05F20 /* GoogleService-Info.plist */; };
		F5774C8528B4CBAA007C20C0 /* AppDelegate.swift in Sources */ = {isa = PBXBuildFile; fileRef = F5774C8428B4CBAA007C20C0 /* AppDelegate.swift */; };
		F5774C8728B4CBAA007C20C0 /* SceneDelegate.swift in Sources */ = {isa = PBXBuildFile; fileRef = F5774C8628B4CBAA007C20C0 /* SceneDelegate.swift */; };
		F5774C8928B4CBAA007C20C0 /* HomeViewController.swift in Sources */ = {isa = PBXBuildFile; fileRef = F5774C8828B4CBAA007C20C0 /* HomeViewController.swift */; };
		F5774C8C28B4CBAA007C20C0 /* Main.storyboard in Resources */ = {isa = PBXBuildFile; fileRef = F5774C8A28B4CBAA007C20C0 /* Main.storyboard */; };
		F5774C8E28B4CBAB007C20C0 /* Assets.xcassets in Resources */ = {isa = PBXBuildFile; fileRef = F5774C8D28B4CBAB007C20C0 /* Assets.xcassets */; };
		F5774C9128B4CBAB007C20C0 /* LaunchScreen.storyboard in Resources */ = {isa = PBXBuildFile; fileRef = F5774C8F28B4CBAB007C20C0 /* LaunchScreen.storyboard */; };
		F5774C9E28B4CC96007C20C0 /* ExploreViewController.swift in Sources */ = {isa = PBXBuildFile; fileRef = F5774C9D28B4CC96007C20C0 /* ExploreViewController.swift */; };
		F5774CA028B4CCB0007C20C0 /* CameraViewController.swift in Sources */ = {isa = PBXBuildFile; fileRef = F5774C9F28B4CCB0007C20C0 /* CameraViewController.swift */; };
		F5774CA228B4CCC1007C20C0 /* NotificationsViewController.swift in Sources */ = {isa = PBXBuildFile; fileRef = F5774CA128B4CCC1007C20C0 /* NotificationsViewController.swift */; };
		F5774CA428B4CCCD007C20C0 /* ProfileViewController.swift in Sources */ = {isa = PBXBuildFile; fileRef = F5774CA328B4CCCD007C20C0 /* ProfileViewController.swift */; };
		F5774CA928B4CD39007C20C0 /* LoginViewController.swift in Sources */ = {isa = PBXBuildFile; fileRef = F5774CA828B4CD39007C20C0 /* LoginViewController.swift */; };
		F5774CAB28B4CD43007C20C0 /* RegistrationViewController.swift in Sources */ = {isa = PBXBuildFile; fileRef = F5774CAA28B4CD43007C20C0 /* RegistrationViewController.swift */; };
		F5774CAD28B4CD5B007C20C0 /* PostViewController.swift in Sources */ = {isa = PBXBuildFile; fileRef = F5774CAC28B4CD5B007C20C0 /* PostViewController.swift */; };
		F5774CAF28B4CD76007C20C0 /* EditProfileViewController.swift in Sources */ = {isa = PBXBuildFile; fileRef = F5774CAE28B4CD76007C20C0 /* EditProfileViewController.swift */; };
		F5774CB128B4CD7E007C20C0 /* SettingsViewController.swift in Sources */ = {isa = PBXBuildFile; fileRef = F5774CB028B4CD7E007C20C0 /* SettingsViewController.swift */; };
		F5774CB328B4CD8F007C20C0 /* ListViewController.swift in Sources */ = {isa = PBXBuildFile; fileRef = F5774CB228B4CD8F007C20C0 /* ListViewController.swift */; };
		F5774CB528B4CD9E007C20C0 /* SearchViewController.swift in Sources */ = {isa = PBXBuildFile; fileRef = F5774CB428B4CD9E007C20C0 /* SearchViewController.swift */; };
		F5774CB728B4CDA9007C20C0 /* SearchResultViewController.swift in Sources */ = {isa = PBXBuildFile; fileRef = F5774CB628B4CDA9007C20C0 /* SearchResultViewController.swift */; };
		F5774CB928B4CDD0007C20C0 /* PostEditorViewController.swift in Sources */ = {isa = PBXBuildFile; fileRef = F5774CB828B4CDD0007C20C0 /* PostEditorViewController.swift */; };
		F5774CBB28B4CDDF007C20C0 /* PublishPostViewController.swift in Sources */ = {isa = PBXBuildFile; fileRef = F5774CBA28B4CDDF007C20C0 /* PublishPostViewController.swift */; };
		F5A51D7C28BE0A0F00E26698 /* IGFeedPostTableViewCell.swift in Sources */ = {isa = PBXBuildFile; fileRef = F5A51D7B28BE0A0F00E26698 /* IGFeedPostTableViewCell.swift */; };
		F5A51D7F28BE0B1D00E26698 /* IGFeedPostHeaderTableViewCell.swift in Sources */ = {isa = PBXBuildFile; fileRef = F5A51D7E28BE0B1D00E26698 /* IGFeedPostHeaderTableViewCell.swift */; };
		F5A51D8128BE0B3700E26698 /* IGFeedPostActionsTableViewCell.swift in Sources */ = {isa = PBXBuildFile; fileRef = F5A51D8028BE0B3700E26698 /* IGFeedPostActionsTableViewCell.swift */; };
		F5A51D8328BE0B5200E26698 /* IGFeedPostGeneralTableViewCell.swift in Sources */ = {isa = PBXBuildFile; fileRef = F5A51D8228BE0B5200E26698 /* IGFeedPostGeneralTableViewCell.swift */; };
		F5A51D8528BE350100E26698 /* FormTableViewCell.swift in Sources */ = {isa = PBXBuildFile; fileRef = F5A51D8428BE350100E26698 /* FormTableViewCell.swift */; };
		F5A51D8828BE3BC100E26698 /* PhotoCollectionViewCell.swift in Sources */ = {isa = PBXBuildFile; fileRef = F5A51D8728BE3BC100E26698 /* PhotoCollectionViewCell.swift */; };
		F5A51D8A28BE3BFB00E26698 /* ProfileInfoHeaderCollectionReusableView.swift in Sources */ = {isa = PBXBuildFile; fileRef = F5A51D8928BE3BFB00E26698 /* ProfileInfoHeaderCollectionReusableView.swift */; };
		F5A51D8C28BE3C1D00E26698 /* ProfileTabsCollectionReusableView.swift in Sources */ = {isa = PBXBuildFile; fileRef = F5A51D8B28BE3C1D00E26698 /* ProfileTabsCollectionReusableView.swift */; };
		F5B1EBB028BF876400C8A4F6 /* MOdels.swift in Sources */ = {isa = PBXBuildFile; fileRef = F5B1EBAF28BF876400C8A4F6 /* MOdels.swift */; };
		F5B4698728B4F78100CB2056 /* Extensions.swift in Sources */ = {isa = PBXBuildFile; fileRef = F5B4698628B4F78100CB2056 /* Extensions.swift */; };
		F5F67EF328B4E8C2007BF4A2 /* DatabaseManager.swift in Sources */ = {isa = PBXBuildFile; fileRef = F5F67EF228B4E8C2007BF4A2 /* DatabaseManager.swift */; };
		F5F67EF528B4E954007BF4A2 /* AuthManager.swift in Sources */ = {isa = PBXBuildFile; fileRef = F5F67EF428B4E954007BF4A2 /* AuthManager.swift */; };
		F5F67EF728B4E975007BF4A2 /* StorageManager.swift in Sources */ = {isa = PBXBuildFile; fileRef = F5F67EF628B4E975007BF4A2 /* StorageManager.swift */; };
/* End PBXBuildFile section */

/* Begin PBXFileReference section */
		28D2DBD1A1FAD7520DA6C3B4 /* Pods-instagram_clone.release.xcconfig */ = {isa = PBXFileReference; includeInIndex = 1; lastKnownFileType = text.xcconfig; name = "Pods-instagram_clone.release.xcconfig"; path = "Target Support Files/Pods-instagram_clone/Pods-instagram_clone.release.xcconfig"; sourceTree = "<group>"; };
		6CBCF3B281DD67293F1B5E21 /* Pods-instagram_clone.debug.xcconfig */ = {isa = PBXFileReference; includeInIndex = 1; lastKnownFileType = text.xcconfig; name = "Pods-instagram_clone.debug.xcconfig"; path = "Target Support Files/Pods-instagram_clone/Pods-instagram_clone.debug.xcconfig"; sourceTree = "<group>"; };
		CDA574A495F38D293E4F61AD /* Pods_instagram_clone.framework */ = {isa = PBXFileReference; explicitFileType = wrapper.framework; includeInIndex = 0; path = Pods_instagram_clone.framework; sourceTree = BUILT_PRODUCTS_DIR; };
		F52F9FF128BCEEBE00F05F20 /* GoogleService-Info.plist */ = {isa = PBXFileReference; fileEncoding = 4; lastKnownFileType = text.plist.xml; path = "GoogleService-Info.plist"; sourceTree = "<group>"; };
		F5774C8128B4CBAA007C20C0 /* instagram_clone.app */ = {isa = PBXFileReference; explicitFileType = wrapper.application; includeInIndex = 0; path = instagram_clone.app; sourceTree = BUILT_PRODUCTS_DIR; };
		F5774C8428B4CBAA007C20C0 /* AppDelegate.swift */ = {isa = PBXFileReference; lastKnownFileType = sourcecode.swift; path = AppDelegate.swift; sourceTree = "<group>"; };
		F5774C8628B4CBAA007C20C0 /* SceneDelegate.swift */ = {isa = PBXFileReference; lastKnownFileType = sourcecode.swift; path = SceneDelegate.swift; sourceTree = "<group>"; };
		F5774C8828B4CBAA007C20C0 /* HomeViewController.swift */ = {isa = PBXFileReference; lastKnownFileType = sourcecode.swift; path = HomeViewController.swift; sourceTree = "<group>"; };
		F5774C8B28B4CBAA007C20C0 /* Base */ = {isa = PBXFileReference; lastKnownFileType = file.storyboard; name = Base; path = Base.lproj/Main.storyboard; sourceTree = "<group>"; };
		F5774C8D28B4CBAB007C20C0 /* Assets.xcassets */ = {isa = PBXFileReference; lastKnownFileType = folder.assetcatalog; path = Assets.xcassets; sourceTree = "<group>"; };
		F5774C9028B4CBAB007C20C0 /* Base */ = {isa = PBXFileReference; lastKnownFileType = file.storyboard; name = Base; path = Base.lproj/LaunchScreen.storyboard; sourceTree = "<group>"; };
		F5774C9228B4CBAB007C20C0 /* Info.plist */ = {isa = PBXFileReference; lastKnownFileType = text.plist.xml; path = Info.plist; sourceTree = "<group>"; };
		F5774C9D28B4CC96007C20C0 /* ExploreViewController.swift */ = {isa = PBXFileReference; lastKnownFileType = sourcecode.swift; path = ExploreViewController.swift; sourceTree = "<group>"; };
		F5774C9F28B4CCB0007C20C0 /* CameraViewController.swift */ = {isa = PBXFileReference; lastKnownFileType = sourcecode.swift; path = CameraViewController.swift; sourceTree = "<group>"; };
		F5774CA128B4CCC1007C20C0 /* NotificationsViewController.swift */ = {isa = PBXFileReference; lastKnownFileType = sourcecode.swift; path = NotificationsViewController.swift; sourceTree = "<group>"; };
		F5774CA328B4CCCD007C20C0 /* ProfileViewController.swift */ = {isa = PBXFileReference; lastKnownFileType = sourcecode.swift; path = ProfileViewController.swift; sourceTree = "<group>"; };
		F5774CA828B4CD39007C20C0 /* LoginViewController.swift */ = {isa = PBXFileReference; lastKnownFileType = sourcecode.swift; path = LoginViewController.swift; sourceTree = "<group>"; };
		F5774CAA28B4CD43007C20C0 /* RegistrationViewController.swift */ = {isa = PBXFileReference; lastKnownFileType = sourcecode.swift; path = RegistrationViewController.swift; sourceTree = "<group>"; };
		F5774CAC28B4CD5B007C20C0 /* PostViewController.swift */ = {isa = PBXFileReference; lastKnownFileType = sourcecode.swift; path = PostViewController.swift; sourceTree = "<group>"; };
		F5774CAE28B4CD76007C20C0 /* EditProfileViewController.swift */ = {isa = PBXFileReference; lastKnownFileType = sourcecode.swift; path = EditProfileViewController.swift; sourceTree = "<group>"; };
		F5774CB028B4CD7E007C20C0 /* SettingsViewController.swift */ = {isa = PBXFileReference; lastKnownFileType = sourcecode.swift; path = SettingsViewController.swift; sourceTree = "<group>"; };
		F5774CB228B4CD8F007C20C0 /* ListViewController.swift */ = {isa = PBXFileReference; lastKnownFileType = sourcecode.swift; path = ListViewController.swift; sourceTree = "<group>"; };
		F5774CB428B4CD9E007C20C0 /* SearchViewController.swift */ = {isa = PBXFileReference; lastKnownFileType = sourcecode.swift; path = SearchViewController.swift; sourceTree = "<group>"; };
		F5774CB628B4CDA9007C20C0 /* SearchResultViewController.swift */ = {isa = PBXFileReference; lastKnownFileType = sourcecode.swift; path = SearchResultViewController.swift; sourceTree = "<group>"; };
		F5774CB828B4CDD0007C20C0 /* PostEditorViewController.swift */ = {isa = PBXFileReference; lastKnownFileType = sourcecode.swift; path = PostEditorViewController.swift; sourceTree = "<group>"; };
		F5774CBA28B4CDDF007C20C0 /* PublishPostViewController.swift */ = {isa = PBXFileReference; lastKnownFileType = sourcecode.swift; path = PublishPostViewController.swift; sourceTree = "<group>"; };
		F5A51D7B28BE0A0F00E26698 /* IGFeedPostTableViewCell.swift */ = {isa = PBXFileReference; lastKnownFileType = sourcecode.swift; path = IGFeedPostTableViewCell.swift; sourceTree = "<group>"; };
		F5A51D7E28BE0B1D00E26698 /* IGFeedPostHeaderTableViewCell.swift */ = {isa = PBXFileReference; lastKnownFileType = sourcecode.swift; path = IGFeedPostHeaderTableViewCell.swift; sourceTree = "<group>"; };
		F5A51D8028BE0B3700E26698 /* IGFeedPostActionsTableViewCell.swift */ = {isa = PBXFileReference; lastKnownFileType = sourcecode.swift; path = IGFeedPostActionsTableViewCell.swift; sourceTree = "<group>"; };
		F5A51D8228BE0B5200E26698 /* IGFeedPostGeneralTableViewCell.swift */ = {isa = PBXFileReference; lastKnownFileType = sourcecode.swift; path = IGFeedPostGeneralTableViewCell.swift; sourceTree = "<group>"; };
		F5A51D8428BE350100E26698 /* FormTableViewCell.swift */ = {isa = PBXFileReference; lastKnownFileType = sourcecode.swift; path = FormTableViewCell.swift; sourceTree = "<group>"; };
		F5A51D8728BE3BC100E26698 /* PhotoCollectionViewCell.swift */ = {isa = PBXFileReference; lastKnownFileType = sourcecode.swift; path = PhotoCollectionViewCell.swift; sourceTree = "<group>"; };
		F5A51D8928BE3BFB00E26698 /* ProfileInfoHeaderCollectionReusableView.swift */ = {isa = PBXFileReference; lastKnownFileType = sourcecode.swift; path = ProfileInfoHeaderCollectionReusableView.swift; sourceTree = "<group>"; };
		F5A51D8B28BE3C1D00E26698 /* ProfileTabsCollectionReusableView.swift */ = {isa = PBXFileReference; lastKnownFileType = sourcecode.swift; path = ProfileTabsCollectionReusableView.swift; sourceTree = "<group>"; };
		F5B1EBAF28BF876400C8A4F6 /* MOdels.swift */ = {isa = PBXFileReference; lastKnownFileType = sourcecode.swift; path = MOdels.swift; sourceTree = "<group>"; };
		F5B4698628B4F78100CB2056 /* Extensions.swift */ = {isa = PBXFileReference; lastKnownFileType = sourcecode.swift; path = Extensions.swift; sourceTree = "<group>"; };
		F5F67EF228B4E8C2007BF4A2 /* DatabaseManager.swift */ = {isa = PBXFileReference; lastKnownFileType = sourcecode.swift; path = DatabaseManager.swift; sourceTree = "<group>"; };
		F5F67EF428B4E954007BF4A2 /* AuthManager.swift */ = {isa = PBXFileReference; lastKnownFileType = sourcecode.swift; path = AuthManager.swift; sourceTree = "<group>"; };
		F5F67EF628B4E975007BF4A2 /* StorageManager.swift */ = {isa = PBXFileReference; lastKnownFileType = sourcecode.swift; path = StorageManager.swift; sourceTree = "<group>"; };
/* End PBXFileReference section */

/* Begin PBXFrameworksBuildPhase section */
		F5774C7E28B4CBAA007C20C0 /* Frameworks */ = {
			isa = PBXFrameworksBuildPhase;
			buildActionMask = 2147483647;
			files = (
				16B104339D5FD4A15E46BCC9 /* Pods_instagram_clone.framework in Frameworks */,
			);
			runOnlyForDeploymentPostprocessing = 0;
		};
/* End PBXFrameworksBuildPhase section */

/* Begin PBXGroup section */
		44440D23620FA9DB1CE286FA /* Frameworks */ = {
			isa = PBXGroup;
			children = (
				CDA574A495F38D293E4F61AD /* Pods_instagram_clone.framework */,
			);
			name = Frameworks;
			sourceTree = "<group>";
		};
		49FCB85445FCBF398A776493 /* Pods */ = {
			isa = PBXGroup;
			children = (
				6CBCF3B281DD67293F1B5E21 /* Pods-instagram_clone.debug.xcconfig */,
				28D2DBD1A1FAD7520DA6C3B4 /* Pods-instagram_clone.release.xcconfig */,
			);
			path = Pods;
			sourceTree = "<group>";
		};
		F5774C7828B4CBAA007C20C0 = {
			isa = PBXGroup;
			children = (
				F5774C8328B4CBAA007C20C0 /* instagram_clone */,
				F5774C8228B4CBAA007C20C0 /* Products */,
				49FCB85445FCBF398A776493 /* Pods */,
				44440D23620FA9DB1CE286FA /* Frameworks */,
			);
			sourceTree = "<group>";
		};
		F5774C8228B4CBAA007C20C0 /* Products */ = {
			isa = PBXGroup;
			children = (
				F5774C8128B4CBAA007C20C0 /* instagram_clone.app */,
			);
			name = Products;
			sourceTree = "<group>";
		};
		F5774C8328B4CBAA007C20C0 /* instagram_clone */ = {
			isa = PBXGroup;
			children = (
				F5774C9B28B4CC08007C20C0 /* Resources */,
				F5774C9A28B4CC01007C20C0 /* Models */,
				F5774C9928B4CBFC007C20C0 /* Views */,
				F5774C9828B4CBF2007C20C0 /* Controllers */,
			);
			path = instagram_clone;
			sourceTree = "<group>";
		};
		F5774C9828B4CBF2007C20C0 /* Controllers */ = {
			isa = PBXGroup;
			children = (
				F5774CA628B4CD29007C20C0 /* Other */,
				F5774CA528B4CCD8007C20C0 /* Core Tabs */,
			);
			path = Controllers;
			sourceTree = "<group>";
		};
		F5774C9928B4CBFC007C20C0 /* Views */ = {
			isa = PBXGroup;
			children = (
				F5A51D8628BE3BA000E26698 /* CollectionView Headers */,
				F5A51D7A28BE09F000E26698 /* Cells */,
				F5774C9C28B4CC39007C20C0 /* Storyboards */,
			);
			path = Views;
			sourceTree = "<group>";
		};
		F5774C9A28B4CC01007C20C0 /* Models */ = {
			isa = PBXGroup;
			children = (
				F5B1EBAF28BF876400C8A4F6 /* MOdels.swift */,
			);
			path = Models;
			sourceTree = "<group>";
		};
		F5774C9B28B4CC08007C20C0 /* Resources */ = {
			isa = PBXGroup;
			children = (
				F5774C8428B4CBAA007C20C0 /* AppDelegate.swift */,
				F5774C8628B4CBAA007C20C0 /* SceneDelegate.swift */,
				F5F67EF228B4E8C2007BF4A2 /* DatabaseManager.swift */,
				F5774C8D28B4CBAB007C20C0 /* Assets.xcassets */,
				F5774C9228B4CBAB007C20C0 /* Info.plist */,
				F52F9FF128BCEEBE00F05F20 /* GoogleService-Info.plist */,
				F5F67EF428B4E954007BF4A2 /* AuthManager.swift */,
				F5F67EF628B4E975007BF4A2 /* StorageManager.swift */,
				F5B4698628B4F78100CB2056 /* Extensions.swift */,
			);
			path = Resources;
			sourceTree = "<group>";
		};
		F5774C9C28B4CC39007C20C0 /* Storyboards */ = {
			isa = PBXGroup;
			children = (
				F5774C8A28B4CBAA007C20C0 /* Main.storyboard */,
				F5774C8F28B4CBAB007C20C0 /* LaunchScreen.storyboard */,
			);
			path = Storyboards;
			sourceTree = "<group>";
		};
		F5774CA528B4CCD8007C20C0 /* Core Tabs */ = {
			isa = PBXGroup;
			children = (
				F5774C8828B4CBAA007C20C0 /* HomeViewController.swift */,
				F5774C9D28B4CC96007C20C0 /* ExploreViewController.swift */,
				F5774C9F28B4CCB0007C20C0 /* CameraViewController.swift */,
				F5774CA128B4CCC1007C20C0 /* NotificationsViewController.swift */,
				F5774CA328B4CCCD007C20C0 /* ProfileViewController.swift */,
			);
			path = "Core Tabs";
			sourceTree = "<group>";
		};
		F5774CA628B4CD29007C20C0 /* Other */ = {
			isa = PBXGroup;
			children = (
				F5774CA728B4CD2E007C20C0 /* Onboarding */,
				F5F67EF128B4E81D007BF4A2 /* General */,
			);
			path = Other;
			sourceTree = "<group>";
		};
		F5774CA728B4CD2E007C20C0 /* Onboarding */ = {
			isa = PBXGroup;
			children = (
				F5774CA828B4CD39007C20C0 /* LoginViewController.swift */,
				F5774CAA28B4CD43007C20C0 /* RegistrationViewController.swift */,
			);
			path = Onboarding;
			sourceTree = "<group>";
		};
		F5A51D7A28BE09F000E26698 /* Cells */ = {
			isa = PBXGroup;
			children = (
				F5A51D7D28BE0B0400E26698 /* Home Feed */,
				F5A51D8428BE350100E26698 /* FormTableViewCell.swift */,
				F5A51D8728BE3BC100E26698 /* PhotoCollectionViewCell.swift */,
			);
			path = Cells;
			sourceTree = "<group>";
		};
		F5A51D7D28BE0B0400E26698 /* Home Feed */ = {
			isa = PBXGroup;
			children = (
				F5A51D7B28BE0A0F00E26698 /* IGFeedPostTableViewCell.swift */,
				F5A51D7E28BE0B1D00E26698 /* IGFeedPostHeaderTableViewCell.swift */,
				F5A51D8028BE0B3700E26698 /* IGFeedPostActionsTableViewCell.swift */,
				F5A51D8228BE0B5200E26698 /* IGFeedPostGeneralTableViewCell.swift */,
			);
			path = "Home Feed";
			sourceTree = "<group>";
		};
		F5A51D8628BE3BA000E26698 /* CollectionView Headers */ = {
			isa = PBXGroup;
			children = (
				F5A51D8928BE3BFB00E26698 /* ProfileInfoHeaderCollectionReusableView.swift */,
				F5A51D8B28BE3C1D00E26698 /* ProfileTabsCollectionReusableView.swift */,
			);
			path = "CollectionView Headers";
			sourceTree = "<group>";
		};
		F5F67EF128B4E81D007BF4A2 /* General */ = {
			isa = PBXGroup;
			children = (
				F5774CAC28B4CD5B007C20C0 /* PostViewController.swift */,
				F5774CAE28B4CD76007C20C0 /* EditProfileViewController.swift */,
				F5774CB028B4CD7E007C20C0 /* SettingsViewController.swift */,
				F5774CB228B4CD8F007C20C0 /* ListViewController.swift */,
				F5774CB428B4CD9E007C20C0 /* SearchViewController.swift */,
				F5774CB628B4CDA9007C20C0 /* SearchResultViewController.swift */,
				F5774CB828B4CDD0007C20C0 /* PostEditorViewController.swift */,
				F5774CBA28B4CDDF007C20C0 /* PublishPostViewController.swift */,
			);
			path = General;
			sourceTree = "<group>";
		};
/* End PBXGroup section */

/* Begin PBXNativeTarget section */
		F5774C8028B4CBAA007C20C0 /* instagram_clone */ = {
			isa = PBXNativeTarget;
			buildConfigurationList = F5774C9528B4CBAB007C20C0 /* Build configuration list for PBXNativeTarget "instagram_clone" */;
			buildPhases = (
				9484F602BF07A56A907DCCC1 /* [CP] Check Pods Manifest.lock */,
				F5774C7D28B4CBAA007C20C0 /* Sources */,
				F5774C7E28B4CBAA007C20C0 /* Frameworks */,
				F5774C7F28B4CBAA007C20C0 /* Resources */,
				99CF63327608CCEC12313DAF /* [CP] Embed Pods Frameworks */,
			);
			buildRules = (
			);
			dependencies = (
			);
			name = instagram_clone;
			productName = instagram_clone;
			productReference = F5774C8128B4CBAA007C20C0 /* instagram_clone.app */;
			productType = "com.apple.product-type.application";
		};
/* End PBXNativeTarget section */

/* Begin PBXProject section */
		F5774C7928B4CBAA007C20C0 /* Project object */ = {
			isa = PBXProject;
			attributes = {
				BuildIndependentTargetsInParallel = 1;
				LastSwiftUpdateCheck = 1340;
				LastUpgradeCheck = 1340;
				TargetAttributes = {
					F5774C8028B4CBAA007C20C0 = {
						CreatedOnToolsVersion = 13.4.1;
					};
				};
			};
			buildConfigurationList = F5774C7C28B4CBAA007C20C0 /* Build configuration list for PBXProject "instagram_clone" */;
			compatibilityVersion = "Xcode 13.0";
			developmentRegion = en;
			hasScannedForEncodings = 0;
			knownRegions = (
				en,
				Base,
			);
			mainGroup = F5774C7828B4CBAA007C20C0;
			productRefGroup = F5774C8228B4CBAA007C20C0 /* Products */;
			projectDirPath = "";
			projectRoot = "";
			targets = (
				F5774C8028B4CBAA007C20C0 /* instagram_clone */,
			);
		};
/* End PBXProject section */

/* Begin PBXResourcesBuildPhase section */
		F5774C7F28B4CBAA007C20C0 /* Resources */ = {
			isa = PBXResourcesBuildPhase;
			buildActionMask = 2147483647;
			files = (
				F5774C9128B4CBAB007C20C0 /* LaunchScreen.storyboard in Resources */,
				F52F9FF228BCEEBE00F05F20 /* GoogleService-Info.plist in Resources */,
				F5774C8E28B4CBAB007C20C0 /* Assets.xcassets in Resources */,
				F5774C8C28B4CBAA007C20C0 /* Main.storyboard in Resources */,
			);
			runOnlyForDeploymentPostprocessing = 0;
		};
/* End PBXResourcesBuildPhase section */

/* Begin PBXShellScriptBuildPhase section */
		9484F602BF07A56A907DCCC1 /* [CP] Check Pods Manifest.lock */ = {
			isa = PBXShellScriptBuildPhase;
			buildActionMask = 2147483647;
			files = (
			);
			inputFileListPaths = (
			);
			inputPaths = (
				"${PODS_PODFILE_DIR_PATH}/Podfile.lock",
				"${PODS_ROOT}/Manifest.lock",
			);
			name = "[CP] Check Pods Manifest.lock";
			outputFileListPaths = (
			);
			outputPaths = (
				"$(DERIVED_FILE_DIR)/Pods-instagram_clone-checkManifestLockResult.txt",
			);
			runOnlyForDeploymentPostprocessing = 0;
			shellPath = /bin/sh;
			shellScript = "diff \"${PODS_PODFILE_DIR_PATH}/Podfile.lock\" \"${PODS_ROOT}/Manifest.lock\" > /dev/null\nif [ $? != 0 ] ; then\n    # print error to STDERR\n    echo \"error: The sandbox is not in sync with the Podfile.lock. Run 'pod install' or update your CocoaPods installation.\" >&2\n    exit 1\nfi\n# This output is used by Xcode 'outputs' to avoid re-running this script phase.\necho \"SUCCESS\" > \"${SCRIPT_OUTPUT_FILE_0}\"\n";
			showEnvVarsInLog = 0;
		};
		99CF63327608CCEC12313DAF /* [CP] Embed Pods Frameworks */ = {
			isa = PBXShellScriptBuildPhase;
			buildActionMask = 2147483647;
			files = (
			);
			inputFileListPaths = (
				"${PODS_ROOT}/Target Support Files/Pods-instagram_clone/Pods-instagram_clone-frameworks-${CONFIGURATION}-input-files.xcfilelist",
			);
			name = "[CP] Embed Pods Frameworks";
			outputFileListPaths = (
				"${PODS_ROOT}/Target Support Files/Pods-instagram_clone/Pods-instagram_clone-frameworks-${CONFIGURATION}-output-files.xcfilelist",
			);
			runOnlyForDeploymentPostprocessing = 0;
			shellPath = /bin/sh;
			shellScript = "\"${PODS_ROOT}/Target Support Files/Pods-instagram_clone/Pods-instagram_clone-frameworks.sh\"\n";
			showEnvVarsInLog = 0;
		};
/* End PBXShellScriptBuildPhase section */

/* Begin PBXSourcesBuildPhase section */
		F5774C7D28B4CBAA007C20C0 /* Sources */ = {
			isa = PBXSourcesBuildPhase;
			buildActionMask = 2147483647;
			files = (
				F5774CAF28B4CD76007C20C0 /* EditProfileViewController.swift in Sources */,
				F5774C9E28B4CC96007C20C0 /* ExploreViewController.swift in Sources */,
				F5774CBB28B4CDDF007C20C0 /* PublishPostViewController.swift in Sources */,
				F5774CA028B4CCB0007C20C0 /* CameraViewController.swift in Sources */,
				F5774C8928B4CBAA007C20C0 /* HomeViewController.swift in Sources */,
				F5B1EBB028BF876400C8A4F6 /* MOdels.swift in Sources */,
				F5774CAB28B4CD43007C20C0 /* RegistrationViewController.swift in Sources */,
				F5A51D7F28BE0B1D00E26698 /* IGFeedPostHeaderTableViewCell.swift in Sources */,
				F5774CB928B4CDD0007C20C0 /* PostEditorViewController.swift in Sources */,
				F5F67EF728B4E975007BF4A2 /* StorageManager.swift in Sources */,
				F5A51D8528BE350100E26698 /* FormTableViewCell.swift in Sources */,
				F5774CAD28B4CD5B007C20C0 /* PostViewController.swift in Sources */,
				F5A51D8C28BE3C1D00E26698 /* ProfileTabsCollectionReusableView.swift in Sources */,
				F5F67EF328B4E8C2007BF4A2 /* DatabaseManager.swift in Sources */,
				F5774CA228B4CCC1007C20C0 /* NotificationsViewController.swift in Sources */,
				F5A51D7C28BE0A0F00E26698 /* IGFeedPostTableViewCell.swift in Sources */,
				F5A51D8828BE3BC100E26698 /* PhotoCollectionViewCell.swift in Sources */,
				F5774CB728B4CDA9007C20C0 /* SearchResultViewController.swift in Sources */,
				F5774CA928B4CD39007C20C0 /* LoginViewController.swift in Sources */,
				F5B4698728B4F78100CB2056 /* Extensions.swift in Sources */,
				F5A51D8328BE0B5200E26698 /* IGFeedPostGeneralTableViewCell.swift in Sources */,
				F5774CB528B4CD9E007C20C0 /* SearchViewController.swift in Sources */,
				F5A51D8A28BE3BFB00E26698 /* ProfileInfoHeaderCollectionReusableView.swift in Sources */,
				F5774CA428B4CCCD007C20C0 /* ProfileViewController.swift in Sources */,
				F5F67EF528B4E954007BF4A2 /* AuthManager.swift in Sources */,
				F5774C8528B4CBAA007C20C0 /* AppDelegate.swift in Sources */,
				F5774C8728B4CBAA007C20C0 /* SceneDelegate.swift in Sources */,
				F5A51D8128BE0B3700E26698 /* IGFeedPostActionsTableViewCell.swift in Sources */,
				F5774CB328B4CD8F007C20C0 /* ListViewController.swift in Sources */,
				F5774CB128B4CD7E007C20C0 /* SettingsViewController.swift in Sources */,
			);
			runOnlyForDeploymentPostprocessing = 0;
		};
/* End PBXSourcesBuildPhase section */

/* Begin PBXVariantGroup section */
		F5774C8A28B4CBAA007C20C0 /* Main.storyboard */ = {
			isa = PBXVariantGroup;
			children = (
				F5774C8B28B4CBAA007C20C0 /* Base */,
			);
			name = Main.storyboard;
			sourceTree = "<group>";
		};
		F5774C8F28B4CBAB007C20C0 /* LaunchScreen.storyboard */ = {
			isa = PBXVariantGroup;
			children = (
				F5774C9028B4CBAB007C20C0 /* Base */,
			);
			name = LaunchScreen.storyboard;
			sourceTree = "<group>";
		};
/* End PBXVariantGroup section */

/* Begin XCBuildConfiguration section */
		F5774C9328B4CBAB007C20C0 /* Debug */ = {
			isa = XCBuildConfiguration;
			buildSettings = {
				ALWAYS_SEARCH_USER_PATHS = NO;
				CLANG_ANALYZER_NONNULL = YES;
				CLANG_ANALYZER_NUMBER_OBJECT_CONVERSION = YES_AGGRESSIVE;
				CLANG_CXX_LANGUAGE_STANDARD = "gnu++17";
				CLANG_ENABLE_MODULES = YES;
				CLANG_ENABLE_OBJC_ARC = YES;
				CLANG_ENABLE_OBJC_WEAK = YES;
				CLANG_WARN_BLOCK_CAPTURE_AUTORELEASING = YES;
				CLANG_WARN_BOOL_CONVERSION = YES;
				CLANG_WARN_COMMA = YES;
				CLANG_WARN_CONSTANT_CONVERSION = YES;
				CLANG_WARN_DEPRECATED_OBJC_IMPLEMENTATIONS = YES;
				CLANG_WARN_DIRECT_OBJC_ISA_USAGE = YES_ERROR;
				CLANG_WARN_DOCUMENTATION_COMMENTS = YES;
				CLANG_WARN_EMPTY_BODY = YES;
				CLANG_WARN_ENUM_CONVERSION = YES;
				CLANG_WARN_INFINITE_RECURSION = YES;
				CLANG_WARN_INT_CONVERSION = YES;
				CLANG_WARN_NON_LITERAL_NULL_CONVERSION = YES;
				CLANG_WARN_OBJC_IMPLICIT_RETAIN_SELF = YES;
				CLANG_WARN_OBJC_LITERAL_CONVERSION = YES;
				CLANG_WARN_OBJC_ROOT_CLASS = YES_ERROR;
				CLANG_WARN_QUOTED_INCLUDE_IN_FRAMEWORK_HEADER = YES;
				CLANG_WARN_RANGE_LOOP_ANALYSIS = YES;
				CLANG_WARN_STRICT_PROTOTYPES = YES;
				CLANG_WARN_SUSPICIOUS_MOVE = YES;
				CLANG_WARN_UNGUARDED_AVAILABILITY = YES_AGGRESSIVE;
				CLANG_WARN_UNREACHABLE_CODE = YES;
				CLANG_WARN__DUPLICATE_METHOD_MATCH = YES;
				COPY_PHASE_STRIP = NO;
				DEBUG_INFORMATION_FORMAT = dwarf;
				ENABLE_STRICT_OBJC_MSGSEND = YES;
				ENABLE_TESTABILITY = YES;
				GCC_C_LANGUAGE_STANDARD = gnu11;
				GCC_DYNAMIC_NO_PIC = NO;
				GCC_NO_COMMON_BLOCKS = YES;
				GCC_OPTIMIZATION_LEVEL = 0;
				GCC_PREPROCESSOR_DEFINITIONS = (
					"DEBUG=1",
					"$(inherited)",
				);
				GCC_WARN_64_TO_32_BIT_CONVERSION = YES;
				GCC_WARN_ABOUT_RETURN_TYPE = YES_ERROR;
				GCC_WARN_UNDECLARED_SELECTOR = YES;
				GCC_WARN_UNINITIALIZED_AUTOS = YES_AGGRESSIVE;
				GCC_WARN_UNUSED_FUNCTION = YES;
				GCC_WARN_UNUSED_VARIABLE = YES;
				IPHONEOS_DEPLOYMENT_TARGET = 15.5;
				MTL_ENABLE_DEBUG_INFO = INCLUDE_SOURCE;
				MTL_FAST_MATH = YES;
				ONLY_ACTIVE_ARCH = YES;
				SDKROOT = iphoneos;
				SWIFT_ACTIVE_COMPILATION_CONDITIONS = DEBUG;
				SWIFT_OPTIMIZATION_LEVEL = "-Onone";
			};
			name = Debug;
		};
		F5774C9428B4CBAB007C20C0 /* Release */ = {
			isa = XCBuildConfiguration;
			buildSettings = {
				ALWAYS_SEARCH_USER_PATHS = NO;
				CLANG_ANALYZER_NONNULL = YES;
				CLANG_ANALYZER_NUMBER_OBJECT_CONVERSION = YES_AGGRESSIVE;
				CLANG_CXX_LANGUAGE_STANDARD = "gnu++17";
				CLANG_ENABLE_MODULES = YES;
				CLANG_ENABLE_OBJC_ARC = YES;
				CLANG_ENABLE_OBJC_WEAK = YES;
				CLANG_WARN_BLOCK_CAPTURE_AUTORELEASING = YES;
				CLANG_WARN_BOOL_CONVERSION = YES;
				CLANG_WARN_COMMA = YES;
				CLANG_WARN_CONSTANT_CONVERSION = YES;
				CLANG_WARN_DEPRECATED_OBJC_IMPLEMENTATIONS = YES;
				CLANG_WARN_DIRECT_OBJC_ISA_USAGE = YES_ERROR;
				CLANG_WARN_DOCUMENTATION_COMMENTS = YES;
				CLANG_WARN_EMPTY_BODY = YES;
				CLANG_WARN_ENUM_CONVERSION = YES;
				CLANG_WARN_INFINITE_RECURSION = YES;
				CLANG_WARN_INT_CONVERSION = YES;
				CLANG_WARN_NON_LITERAL_NULL_CONVERSION = YES;
				CLANG_WARN_OBJC_IMPLICIT_RETAIN_SELF = YES;
				CLANG_WARN_OBJC_LITERAL_CONVERSION = YES;
				CLANG_WARN_OBJC_ROOT_CLASS = YES_ERROR;
				CLANG_WARN_QUOTED_INCLUDE_IN_FRAMEWORK_HEADER = YES;
				CLANG_WARN_RANGE_LOOP_ANALYSIS = YES;
				CLANG_WARN_STRICT_PROTOTYPES = YES;
				CLANG_WARN_SUSPICIOUS_MOVE = YES;
				CLANG_WARN_UNGUARDED_AVAILABILITY = YES_AGGRESSIVE;
				CLANG_WARN_UNREACHABLE_CODE = YES;
				CLANG_WARN__DUPLICATE_METHOD_MATCH = YES;
				COPY_PHASE_STRIP = NO;
				DEBUG_INFORMATION_FORMAT = "dwarf-with-dsym";
				ENABLE_NS_ASSERTIONS = NO;
				ENABLE_STRICT_OBJC_MSGSEND = YES;
				GCC_C_LANGUAGE_STANDARD = gnu11;
				GCC_NO_COMMON_BLOCKS = YES;
				GCC_WARN_64_TO_32_BIT_CONVERSION = YES;
				GCC_WARN_ABOUT_RETURN_TYPE = YES_ERROR;
				GCC_WARN_UNDECLARED_SELECTOR = YES;
				GCC_WARN_UNINITIALIZED_AUTOS = YES_AGGRESSIVE;
				GCC_WARN_UNUSED_FUNCTION = YES;
				GCC_WARN_UNUSED_VARIABLE = YES;
				IPHONEOS_DEPLOYMENT_TARGET = 15.5;
				MTL_ENABLE_DEBUG_INFO = NO;
				MTL_FAST_MATH = YES;
				SDKROOT = iphoneos;
				SWIFT_COMPILATION_MODE = wholemodule;
				SWIFT_OPTIMIZATION_LEVEL = "-O";
				VALIDATE_PRODUCT = YES;
			};
			name = Release;
		};
		F5774C9628B4CBAB007C20C0 /* Debug */ = {
			isa = XCBuildConfiguration;
			baseConfigurationReference = 6CBCF3B281DD67293F1B5E21 /* Pods-instagram_clone.debug.xcconfig */;
			buildSettings = {
				ASSETCATALOG_COMPILER_APPICON_NAME = AppIcon;
				ASSETCATALOG_COMPILER_GLOBAL_ACCENT_COLOR_NAME = AccentColor;
				CODE_SIGN_STYLE = Automatic;
				CURRENT_PROJECT_VERSION = 1;
				DEVELOPMENT_TEAM = VWD3W6VA3Y;
				GENERATE_INFOPLIST_FILE = YES;
				INFOPLIST_FILE = instagram_clone/Resources/Info.plist;
				INFOPLIST_KEY_UIApplicationSupportsIndirectInputEvents = YES;
				INFOPLIST_KEY_UILaunchStoryboardName = LaunchScreen;
				INFOPLIST_KEY_UIMainStoryboardFile = Main;
				INFOPLIST_KEY_UISupportedInterfaceOrientations = UIInterfaceOrientationPortrait;
				INFOPLIST_KEY_UISupportedInterfaceOrientations_iPad = "UIInterfaceOrientationPortrait UIInterfaceOrientationPortraitUpsideDown UIInterfaceOrientationLandscapeLeft UIInterfaceOrientationLandscapeRight";
				INFOPLIST_KEY_UISupportedInterfaceOrientations_iPhone = "UIInterfaceOrientationPortrait UIInterfaceOrientationLandscapeLeft UIInterfaceOrientationLandscapeRight";
				LD_RUNPATH_SEARCH_PATHS = (
					"$(inherited)",
					"@executable_path/Frameworks",
				);
				MARKETING_VERSION = 1.0;
				PRODUCT_BUNDLE_IDENTIFIER = "vladponcea.instagram-clone";
				PRODUCT_NAME = "$(TARGET_NAME)";
				SWIFT_EMIT_LOC_STRINGS = YES;
				SWIFT_VERSION = 5.0;
				TARGETED_DEVICE_FAMILY = "1,2";
			};
			name = Debug;
		};
		F5774C9728B4CBAB007C20C0 /* Release */ = {
			isa = XCBuildConfiguration;
			baseConfigurationReference = 28D2DBD1A1FAD7520DA6C3B4 /* Pods-instagram_clone.release.xcconfig */;
			buildSettings = {
				ASSETCATALOG_COMPILER_APPICON_NAME = AppIcon;
				ASSETCATALOG_COMPILER_GLOBAL_ACCENT_COLOR_NAME = AccentColor;
				CODE_SIGN_STYLE = Automatic;
				CURRENT_PROJECT_VERSION = 1;
				DEVELOPMENT_TEAM = VWD3W6VA3Y;
				GENERATE_INFOPLIST_FILE = YES;
				INFOPLIST_FILE = instagram_clone/Resources/Info.plist;
				INFOPLIST_KEY_UIApplicationSupportsIndirectInputEvents = YES;
				INFOPLIST_KEY_UILaunchStoryboardName = LaunchScreen;
				INFOPLIST_KEY_UIMainStoryboardFile = Main;
				INFOPLIST_KEY_UISupportedInterfaceOrientations = UIInterfaceOrientationPortrait;
				INFOPLIST_KEY_UISupportedInterfaceOrientations_iPad = "UIInterfaceOrientationPortrait UIInterfaceOrientationPortraitUpsideDown UIInterfaceOrientationLandscapeLeft UIInterfaceOrientationLandscapeRight";
				INFOPLIST_KEY_UISupportedInterfaceOrientations_iPhone = "UIInterfaceOrientationPortrait UIInterfaceOrientationLandscapeLeft UIInterfaceOrientationLandscapeRight";
				LD_RUNPATH_SEARCH_PATHS = (
					"$(inherited)",
					"@executable_path/Frameworks",
				);
				MARKETING_VERSION = 1.0;
				PRODUCT_BUNDLE_IDENTIFIER = "vladponcea.instagram-clone";
				PRODUCT_NAME = "$(TARGET_NAME)";
				SWIFT_EMIT_LOC_STRINGS = YES;
				SWIFT_VERSION = 5.0;
				TARGETED_DEVICE_FAMILY = "1,2";
			};
			name = Release;
		};
/* End XCBuildConfiguration section */

/* Begin XCConfigurationList section */
		F5774C7C28B4CBAA007C20C0 /* Build configuration list for PBXProject "instagram_clone" */ = {
			isa = XCConfigurationList;
			buildConfigurations = (
				F5774C9328B4CBAB007C20C0 /* Debug */,
				F5774C9428B4CBAB007C20C0 /* Release */,
			);
			defaultConfigurationIsVisible = 0;
			defaultConfigurationName = Release;
		};
		F5774C9528B4CBAB007C20C0 /* Build configuration list for PBXNativeTarget "instagram_clone" */ = {
			isa = XCConfigurationList;
			buildConfigurations = (
				F5774C9628B4CBAB007C20C0 /* Debug */,
				F5774C9728B4CBAB007C20C0 /* Release */,
			);
			defaultConfigurationIsVisible = 0;
			defaultConfigurationName = Release;
		};
/* End XCConfigurationList section */
	};
	rootObject = F5774C7928B4CBAA007C20C0 /* Project object */;
}
